
Microsoft Visual Studio Solution File, Format Version 12.00
# Visual Studio Version 17
VisualStudioVersion = 17.5.33502.453
MinimumVisualStudioVersion = 10.0.40219.1
Project("{FAE04EC0-301F-11D3-BF4B-00C04F79EFBC}") = "HTTPGET_email_addresses", "HTTPGET_email_addresses\HTTPGET_email_addresses.csproj", "{0956BB72-4078-494A-9446-9ADEF6FBCF14}"
EndProject
Global
	GlobalSection(SolutionConfigurationPlatforms) = preSolution
		Debug|Any CPU = Debug|Any CPU
		Release|Any CPU = Release|Any CPU
	EndGlobalSection
	GlobalSection(ProjectConfigurationPlatforms) = postSolution
		{0956BB72-4078-494A-9446-9ADEF6FBCF14}.Debug|Any CPU.ActiveCfg = Debug|Any CPU
		{0956BB72-4078-494A-9446-9ADEF6FBCF14}.Debug|Any CPU.Build.0 = Debug|Any CPU
		{0956BB72-4078-494A-9446-9ADEF6FBCF14}.Release|Any CPU.ActiveCfg = Release|Any CPU
		{0956BB72-4078-494A-9446-9ADEF6FBCF14}.Release|Any CPU.Build.0 = Release|Any CPU
	EndGlobalSection
	GlobalSection(SolutionProperties) = preSolution
		HideSolutionNode = FALSE
	EndGlobalSection
	GlobalSection(ExtensibilityGlobals) = postSolution
		SolutionGuid = {E50CD13F-6778-4C56-8BD5-F1432908D5BA}
	EndGlobalSection
EndGlobal
